
Microsoft Visual Studio Solution File, Format Version 12.00
# Visual Studio Version 17
VisualStudioVersion = 17.3.32519.111
MinimumVisualStudioVersion = 10.0.40219.1
Project("{8BC9CEB8-8B4A-11D0-8D11-00A0C91BC942}") = "FFmpegInteropX", "FFmpegInterop\FFmpegInteropX.vcxproj", "{9CFA3B3E-B7AF-4629-84E2-C962C5B046B1}"
EndProject
Project("{9A19103F-16F7-4668-BE54-9A1E7A4F7556}") = "FFmpegInteropX.DotNet", "FFmpegInterop\FFmpegInteropX.DotNet.csproj", "{5477705C-6069-4810-81A4-B9F69DE24DDE}"
EndProject
Project("{9A19103F-16F7-4668-BE54-9A1E7A4F7556}") = "MayazucMediaPlayer", "MayazucMediaPlayer\MayazucMediaPlayer.csproj", "{59B32718-C396-4E8C-B841-D610060BDB85}"
EndProject
Project("{C7167F0D-BC9F-4E6E-AFE1-012C56B48DB5}") = "MayazucMediaPlayer (Package)", "MayazucMediaPlayer (Package)\MayazucMediaPlayer (Package).wapproj", "{94F89F98-7463-4095-ADAB-85069A799217}"
EndProject
Project("{2150E333-8FDC-42A3-9474-1A3956D46DE8}") = "Shell", "Shell", "{4CF74C62-88C2-4563-B626-E1EE2ABFCADF}"
EndProject
Project("{9A19103F-16F7-4668-BE54-9A1E7A4F7556}") = "Shell.Core", "Shell.Core\Shell.Core.csproj", "{D0AA22F0-41E7-48D7-B0DE-0DD3F6188246}"
EndProject
Project("{9A19103F-16F7-4668-BE54-9A1E7A4F7556}") = "Shell.ExtendedLinguisticServices", "Shell.ExtendedLinguisticServices\Shell.ExtendedLinguisticServices.csproj", "{60FCEDF6-B674-4FD0-A9DE-92410AF89A7A}"
EndProject
Project("{9A19103F-16F7-4668-BE54-9A1E7A4F7556}") = "Shell.Shell", "Shell.Shell\Shell.Shell.csproj", "{06D7BEFF-1EEF-4C68-A2CD-1C709C8B77A8}"
EndProject
Project("{9A19103F-16F7-4668-BE54-9A1E7A4F7556}") = "Shell.ShellExtensions", "Shell.ShellExtensions\Shell.ShellExtensions.csproj", "{59D13797-4E49-4EA3-AEA3-4F0ACE8A75F9}"
EndProject
Project("{8BC9CEB8-8B4A-11D0-8D11-00A0C91BC942}") = "MayazucMediaPlayer.MediaPlayerElement", "MayazucMediaPlayer.MediaPlayerElement\MayazucMediaPlayer.MediaPlayerElement.vcxproj", "{9A0DB0F8-F39F-4745-9403-6B7FF158988E}"
EndProject
Global
	GlobalSection(SolutionConfigurationPlatforms) = preSolution
		Debug_WinUI|Any CPU = Debug_WinUI|Any CPU
		Debug_WinUI|ARM = Debug_WinUI|ARM
		Debug_WinUI|ARM64 = Debug_WinUI|ARM64
		Debug_WinUI|x64 = Debug_WinUI|x64
		Debug_WinUI|x86 = Debug_WinUI|x86
		Debug|Any CPU = Debug|Any CPU
		Debug|ARM = Debug|ARM
		Debug|ARM64 = Debug|ARM64
		Debug|x64 = Debug|x64
		Debug|x86 = Debug|x86
		Release_WinUI|Any CPU = Release_WinUI|Any CPU
		Release_WinUI|ARM = Release_WinUI|ARM
		Release_WinUI|ARM64 = Release_WinUI|ARM64
		Release_WinUI|x64 = Release_WinUI|x64
		Release_WinUI|x86 = Release_WinUI|x86
		Release|Any CPU = Release|Any CPU
		Release|ARM = Release|ARM
		Release|ARM64 = Release|ARM64
		Release|x64 = Release|x64
		Release|x86 = Release|x86
	EndGlobalSection
	GlobalSection(ProjectConfigurationPlatforms) = postSolution
		{9CFA3B3E-B7AF-4629-84E2-C962C5B046B1}.Debug_WinUI|Any CPU.ActiveCfg = Debug_WinUI|x64
		{9CFA3B3E-B7AF-4629-84E2-C962C5B046B1}.Debug_WinUI|Any CPU.Build.0 = Debug_WinUI|x64
		{9CFA3B3E-B7AF-4629-84E2-C962C5B046B1}.Debug_WinUI|ARM.ActiveCfg = Debug_WinUI|ARM
		{9CFA3B3E-B7AF-4629-84E2-C962C5B046B1}.Debug_WinUI|ARM.Build.0 = Debug_WinUI|ARM
		{9CFA3B3E-B7AF-4629-84E2-C962C5B046B1}.Debug_WinUI|ARM64.ActiveCfg = Debug_WinUI|ARM64
		{9CFA3B3E-B7AF-4629-84E2-C962C5B046B1}.Debug_WinUI|ARM64.Build.0 = Debug_WinUI|ARM64
		{9CFA3B3E-B7AF-4629-84E2-C962C5B046B1}.Debug_WinUI|x64.ActiveCfg = Debug_WinUI|x64
		{9CFA3B3E-B7AF-4629-84E2-C962C5B046B1}.Debug_WinUI|x64.Build.0 = Debug_WinUI|x64
		{9CFA3B3E-B7AF-4629-84E2-C962C5B046B1}.Debug_WinUI|x86.ActiveCfg = Debug_WinUI|Win32
		{9CFA3B3E-B7AF-4629-84E2-C962C5B046B1}.Debug_WinUI|x86.Build.0 = Debug_WinUI|Win32
		{9CFA3B3E-B7AF-4629-84E2-C962C5B046B1}.Debug|Any CPU.ActiveCfg = Debug_UWP|x64
		{9CFA3B3E-B7AF-4629-84E2-C962C5B046B1}.Debug|Any CPU.Build.0 = Debug_UWP|x64
		{9CFA3B3E-B7AF-4629-84E2-C962C5B046B1}.Debug|ARM.ActiveCfg = Debug_WinUI|ARM
		{9CFA3B3E-B7AF-4629-84E2-C962C5B046B1}.Debug|ARM.Build.0 = Debug_WinUI|ARM
		{9CFA3B3E-B7AF-4629-84E2-C962C5B046B1}.Debug|ARM64.ActiveCfg = Debug_UWP|ARM64
		{9CFA3B3E-B7AF-4629-84E2-C962C5B046B1}.Debug|ARM64.Build.0 = Debug_UWP|ARM64
		{9CFA3B3E-B7AF-4629-84E2-C962C5B046B1}.Debug|x64.ActiveCfg = Debug_UWP|x64
		{9CFA3B3E-B7AF-4629-84E2-C962C5B046B1}.Debug|x64.Build.0 = Debug_UWP|x64
		{9CFA3B3E-B7AF-4629-84E2-C962C5B046B1}.Debug|x86.ActiveCfg = Debug_WinUI|Win32
		{9CFA3B3E-B7AF-4629-84E2-C962C5B046B1}.Debug|x86.Build.0 = Debug_WinUI|Win32
		{9CFA3B3E-B7AF-4629-84E2-C962C5B046B1}.Release_WinUI|Any CPU.ActiveCfg = Release_WinUI|x64
		{9CFA3B3E-B7AF-4629-84E2-C962C5B046B1}.Release_WinUI|Any CPU.Build.0 = Release_WinUI|x64
		{9CFA3B3E-B7AF-4629-84E2-C962C5B046B1}.Release_WinUI|ARM.ActiveCfg = Release_WinUI|ARM
		{9CFA3B3E-B7AF-4629-84E2-C962C5B046B1}.Release_WinUI|ARM.Build.0 = Release_WinUI|ARM
		{9CFA3B3E-B7AF-4629-84E2-C962C5B046B1}.Release_WinUI|ARM64.ActiveCfg = Release_WinUI|ARM64
		{9CFA3B3E-B7AF-4629-84E2-C962C5B046B1}.Release_WinUI|ARM64.Build.0 = Release_WinUI|ARM64
		{9CFA3B3E-B7AF-4629-84E2-C962C5B046B1}.Release_WinUI|x64.ActiveCfg = Release_WinUI|x64
		{9CFA3B3E-B7AF-4629-84E2-C962C5B046B1}.Release_WinUI|x64.Build.0 = Release_WinUI|x64
		{9CFA3B3E-B7AF-4629-84E2-C962C5B046B1}.Release_WinUI|x86.ActiveCfg = Release_WinUI|Win32
		{9CFA3B3E-B7AF-4629-84E2-C962C5B046B1}.Release_WinUI|x86.Build.0 = Release_WinUI|Win32
		{9CFA3B3E-B7AF-4629-84E2-C962C5B046B1}.Release|Any CPU.ActiveCfg = Release_UWP|x64
		{9CFA3B3E-B7AF-4629-84E2-C962C5B046B1}.Release|Any CPU.Build.0 = Release_UWP|x64
		{9CFA3B3E-B7AF-4629-84E2-C962C5B046B1}.Release|ARM.ActiveCfg = Release_UWP|ARM
		{9CFA3B3E-B7AF-4629-84E2-C962C5B046B1}.Release|ARM.Build.0 = Release_UWP|ARM
		{9CFA3B3E-B7AF-4629-84E2-C962C5B046B1}.Release|ARM64.ActiveCfg = Release_UWP|ARM64
		{9CFA3B3E-B7AF-4629-84E2-C962C5B046B1}.Release|ARM64.Build.0 = Release_UWP|ARM64
		{9CFA3B3E-B7AF-4629-84E2-C962C5B046B1}.Release|x64.ActiveCfg = Release_UWP|x64
		{9CFA3B3E-B7AF-4629-84E2-C962C5B046B1}.Release|x64.Build.0 = Release_UWP|x64
		{9CFA3B3E-B7AF-4629-84E2-C962C5B046B1}.Release|x86.ActiveCfg = Release_UWP|Win32
		{9CFA3B3E-B7AF-4629-84E2-C962C5B046B1}.Release|x86.Build.0 = Release_UWP|Win32
		{5477705C-6069-4810-81A4-B9F69DE24DDE}.Debug_WinUI|Any CPU.ActiveCfg = Debug_WinUI|Any CPU
		{5477705C-6069-4810-81A4-B9F69DE24DDE}.Debug_WinUI|Any CPU.Build.0 = Debug_WinUI|Any CPU
		{5477705C-6069-4810-81A4-B9F69DE24DDE}.Debug_WinUI|ARM.ActiveCfg = Debug_WinUI|Any CPU
		{5477705C-6069-4810-81A4-B9F69DE24DDE}.Debug_WinUI|ARM.Build.0 = Debug_WinUI|Any CPU
		{5477705C-6069-4810-81A4-B9F69DE24DDE}.Debug_WinUI|ARM64.ActiveCfg = Debug_WinUI|Any CPU
		{5477705C-6069-4810-81A4-B9F69DE24DDE}.Debug_WinUI|ARM64.Build.0 = Debug_WinUI|Any CPU
		{5477705C-6069-4810-81A4-B9F69DE24DDE}.Debug_WinUI|x64.ActiveCfg = Debug_WinUI|Any CPU
		{5477705C-6069-4810-81A4-B9F69DE24DDE}.Debug_WinUI|x64.Build.0 = Debug_WinUI|Any CPU
		{5477705C-6069-4810-81A4-B9F69DE24DDE}.Debug_WinUI|x86.ActiveCfg = Debug_WinUI|Any CPU
		{5477705C-6069-4810-81A4-B9F69DE24DDE}.Debug_WinUI|x86.Build.0 = Debug_WinUI|Any CPU
		{5477705C-6069-4810-81A4-B9F69DE24DDE}.Debug|Any CPU.ActiveCfg = Debug_Desktop|Any CPU
		{5477705C-6069-4810-81A4-B9F69DE24DDE}.Debug|Any CPU.Build.0 = Debug_Desktop|Any CPU
		{5477705C-6069-4810-81A4-B9F69DE24DDE}.Debug|ARM.ActiveCfg = Debug_Desktop|Any CPU
		{5477705C-6069-4810-81A4-B9F69DE24DDE}.Debug|ARM.Build.0 = Debug_Desktop|Any CPU
		{5477705C-6069-4810-81A4-B9F69DE24DDE}.Debug|ARM64.ActiveCfg = Debug_Desktop|Any CPU
		{5477705C-6069-4810-81A4-B9F69DE24DDE}.Debug|ARM64.Build.0 = Debug_Desktop|Any CPU
		{5477705C-6069-4810-81A4-B9F69DE24DDE}.Debug|x64.ActiveCfg = Debug_Desktop|Any CPU
		{5477705C-6069-4810-81A4-B9F69DE24DDE}.Debug|x64.Build.0 = Debug_Desktop|Any CPU
		{5477705C-6069-4810-81A4-B9F69DE24DDE}.Debug|x86.ActiveCfg = Debug_Desktop|Any CPU
		{5477705C-6069-4810-81A4-B9F69DE24DDE}.Debug|x86.Build.0 = Debug_Desktop|Any CPU
		{5477705C-6069-4810-81A4-B9F69DE24DDE}.Release_WinUI|Any CPU.ActiveCfg = Release_WinUI|Any CPU
		{5477705C-6069-4810-81A4-B9F69DE24DDE}.Release_WinUI|Any CPU.Build.0 = Release_WinUI|Any CPU
		{5477705C-6069-4810-81A4-B9F69DE24DDE}.Release_WinUI|ARM.ActiveCfg = Release_WinUI|Any CPU
		{5477705C-6069-4810-81A4-B9F69DE24DDE}.Release_WinUI|ARM.Build.0 = Release_WinUI|Any CPU
		{5477705C-6069-4810-81A4-B9F69DE24DDE}.Release_WinUI|ARM64.ActiveCfg = Release_WinUI|Any CPU
		{5477705C-6069-4810-81A4-B9F69DE24DDE}.Release_WinUI|ARM64.Build.0 = Release_WinUI|Any CPU
		{5477705C-6069-4810-81A4-B9F69DE24DDE}.Release_WinUI|x64.ActiveCfg = Release_WinUI|Any CPU
		{5477705C-6069-4810-81A4-B9F69DE24DDE}.Release_WinUI|x64.Build.0 = Release_WinUI|Any CPU
		{5477705C-6069-4810-81A4-B9F69DE24DDE}.Release_WinUI|x86.ActiveCfg = Release_WinUI|Any CPU
		{5477705C-6069-4810-81A4-B9F69DE24DDE}.Release_WinUI|x86.Build.0 = Release_WinUI|Any CPU
		{5477705C-6069-4810-81A4-B9F69DE24DDE}.Release|Any CPU.ActiveCfg = Release_Desktop|Any CPU
		{5477705C-6069-4810-81A4-B9F69DE24DDE}.Release|Any CPU.Build.0 = Release_Desktop|Any CPU
		{5477705C-6069-4810-81A4-B9F69DE24DDE}.Release|ARM.ActiveCfg = Release_Desktop|Any CPU
		{5477705C-6069-4810-81A4-B9F69DE24DDE}.Release|ARM.Build.0 = Release_Desktop|Any CPU
		{5477705C-6069-4810-81A4-B9F69DE24DDE}.Release|ARM64.ActiveCfg = Release_Desktop|Any CPU
		{5477705C-6069-4810-81A4-B9F69DE24DDE}.Release|ARM64.Build.0 = Release_Desktop|Any CPU
		{5477705C-6069-4810-81A4-B9F69DE24DDE}.Release|x64.ActiveCfg = Release_Desktop|Any CPU
		{5477705C-6069-4810-81A4-B9F69DE24DDE}.Release|x64.Build.0 = Release_Desktop|Any CPU
		{5477705C-6069-4810-81A4-B9F69DE24DDE}.Release|x86.ActiveCfg = Release_Desktop|Any CPU
		{5477705C-6069-4810-81A4-B9F69DE24DDE}.Release|x86.Build.0 = Release_Desktop|Any CPU
		{59B32718-C396-4E8C-B841-D610060BDB85}.Debug_WinUI|Any CPU.ActiveCfg = Debug|x64
		{59B32718-C396-4E8C-B841-D610060BDB85}.Debug_WinUI|Any CPU.Build.0 = Debug|x64
		{59B32718-C396-4E8C-B841-D610060BDB85}.Debug_WinUI|ARM.ActiveCfg = Debug|x64
		{59B32718-C396-4E8C-B841-D610060BDB85}.Debug_WinUI|ARM.Build.0 = Debug|x64
		{59B32718-C396-4E8C-B841-D610060BDB85}.Debug_WinUI|ARM64.ActiveCfg = Debug|arm64
		{59B32718-C396-4E8C-B841-D610060BDB85}.Debug_WinUI|ARM64.Build.0 = Debug|arm64
		{59B32718-C396-4E8C-B841-D610060BDB85}.Debug_WinUI|x64.ActiveCfg = Debug|x64
		{59B32718-C396-4E8C-B841-D610060BDB85}.Debug_WinUI|x64.Build.0 = Debug|x64
		{59B32718-C396-4E8C-B841-D610060BDB85}.Debug_WinUI|x86.ActiveCfg = Debug|x64
		{59B32718-C396-4E8C-B841-D610060BDB85}.Debug_WinUI|x86.Build.0 = Debug|x64
		{59B32718-C396-4E8C-B841-D610060BDB85}.Debug|Any CPU.ActiveCfg = Debug|x64
		{59B32718-C396-4E8C-B841-D610060BDB85}.Debug|Any CPU.Build.0 = Debug|x64
		{59B32718-C396-4E8C-B841-D610060BDB85}.Debug|ARM.ActiveCfg = Debug|x64
		{59B32718-C396-4E8C-B841-D610060BDB85}.Debug|ARM.Build.0 = Debug|x64
		{59B32718-C396-4E8C-B841-D610060BDB85}.Debug|ARM64.ActiveCfg = Debug|arm64
		{59B32718-C396-4E8C-B841-D610060BDB85}.Debug|ARM64.Build.0 = Debug|arm64
		{59B32718-C396-4E8C-B841-D610060BDB85}.Debug|x64.ActiveCfg = Debug|x64
		{59B32718-C396-4E8C-B841-D610060BDB85}.Debug|x64.Build.0 = Debug|x64
		{59B32718-C396-4E8C-B841-D610060BDB85}.Debug|x86.ActiveCfg = Debug|x64
		{59B32718-C396-4E8C-B841-D610060BDB85}.Debug|x86.Build.0 = Debug|x64
		{59B32718-C396-4E8C-B841-D610060BDB85}.Release_WinUI|Any CPU.ActiveCfg = Release|x64
		{59B32718-C396-4E8C-B841-D610060BDB85}.Release_WinUI|Any CPU.Build.0 = Release|x64
		{59B32718-C396-4E8C-B841-D610060BDB85}.Release_WinUI|ARM.ActiveCfg = Release|x64
		{59B32718-C396-4E8C-B841-D610060BDB85}.Release_WinUI|ARM.Build.0 = Release|x64
		{59B32718-C396-4E8C-B841-D610060BDB85}.Release_WinUI|ARM64.ActiveCfg = Release|arm64
		{59B32718-C396-4E8C-B841-D610060BDB85}.Release_WinUI|ARM64.Build.0 = Release|arm64
		{59B32718-C396-4E8C-B841-D610060BDB85}.Release_WinUI|x64.ActiveCfg = Release|x64
		{59B32718-C396-4E8C-B841-D610060BDB85}.Release_WinUI|x64.Build.0 = Release|x64
		{59B32718-C396-4E8C-B841-D610060BDB85}.Release_WinUI|x86.ActiveCfg = Release|x64
		{59B32718-C396-4E8C-B841-D610060BDB85}.Release_WinUI|x86.Build.0 = Release|x64
		{59B32718-C396-4E8C-B841-D610060BDB85}.Release|Any CPU.ActiveCfg = Release|x64
		{59B32718-C396-4E8C-B841-D610060BDB85}.Release|Any CPU.Build.0 = Release|x64
		{59B32718-C396-4E8C-B841-D610060BDB85}.Release|ARM.ActiveCfg = Release|x64
		{59B32718-C396-4E8C-B841-D610060BDB85}.Release|ARM.Build.0 = Release|x64
		{59B32718-C396-4E8C-B841-D610060BDB85}.Release|ARM64.ActiveCfg = Release|arm64
		{59B32718-C396-4E8C-B841-D610060BDB85}.Release|ARM64.Build.0 = Release|arm64
		{59B32718-C396-4E8C-B841-D610060BDB85}.Release|x64.ActiveCfg = Release|x64
		{59B32718-C396-4E8C-B841-D610060BDB85}.Release|x64.Build.0 = Release|x64
		{59B32718-C396-4E8C-B841-D610060BDB85}.Release|x86.ActiveCfg = Release|x64
		{59B32718-C396-4E8C-B841-D610060BDB85}.Release|x86.Build.0 = Release|x64
		{94F89F98-7463-4095-ADAB-85069A799217}.Debug_WinUI|Any CPU.ActiveCfg = Debug|x64
		{94F89F98-7463-4095-ADAB-85069A799217}.Debug_WinUI|Any CPU.Build.0 = Debug|x64
		{94F89F98-7463-4095-ADAB-85069A799217}.Debug_WinUI|Any CPU.Deploy.0 = Debug|x64
		{94F89F98-7463-4095-ADAB-85069A799217}.Debug_WinUI|ARM.ActiveCfg = Debug|x64
		{94F89F98-7463-4095-ADAB-85069A799217}.Debug_WinUI|ARM.Build.0 = Debug|x64
		{94F89F98-7463-4095-ADAB-85069A799217}.Debug_WinUI|ARM.Deploy.0 = Debug|x64
		{94F89F98-7463-4095-ADAB-85069A799217}.Debug_WinUI|ARM64.ActiveCfg = Debug|arm64
		{94F89F98-7463-4095-ADAB-85069A799217}.Debug_WinUI|ARM64.Build.0 = Debug|arm64
		{94F89F98-7463-4095-ADAB-85069A799217}.Debug_WinUI|ARM64.Deploy.0 = Debug|arm64
		{94F89F98-7463-4095-ADAB-85069A799217}.Debug_WinUI|x64.ActiveCfg = Debug|x64
		{94F89F98-7463-4095-ADAB-85069A799217}.Debug_WinUI|x64.Build.0 = Debug|x64
		{94F89F98-7463-4095-ADAB-85069A799217}.Debug_WinUI|x64.Deploy.0 = Debug|x64
		{94F89F98-7463-4095-ADAB-85069A799217}.Debug_WinUI|x86.ActiveCfg = Debug|x64
		{94F89F98-7463-4095-ADAB-85069A799217}.Debug_WinUI|x86.Build.0 = Debug|x64
		{94F89F98-7463-4095-ADAB-85069A799217}.Debug_WinUI|x86.Deploy.0 = Debug|x64
		{94F89F98-7463-4095-ADAB-85069A799217}.Debug|Any CPU.ActiveCfg = Debug|x64
		{94F89F98-7463-4095-ADAB-85069A799217}.Debug|Any CPU.Build.0 = Debug|x64
		{94F89F98-7463-4095-ADAB-85069A799217}.Debug|Any CPU.Deploy.0 = Debug|x64
		{94F89F98-7463-4095-ADAB-85069A799217}.Debug|ARM.ActiveCfg = Debug|x64
		{94F89F98-7463-4095-ADAB-85069A799217}.Debug|ARM.Build.0 = Debug|x64
		{94F89F98-7463-4095-ADAB-85069A799217}.Debug|ARM.Deploy.0 = Debug|x64
		{94F89F98-7463-4095-ADAB-85069A799217}.Debug|ARM64.ActiveCfg = Debug|arm64
		{94F89F98-7463-4095-ADAB-85069A799217}.Debug|ARM64.Build.0 = Debug|arm64
		{94F89F98-7463-4095-ADAB-85069A799217}.Debug|ARM64.Deploy.0 = Debug|arm64
		{94F89F98-7463-4095-ADAB-85069A799217}.Debug|x64.ActiveCfg = Debug|x64
		{94F89F98-7463-4095-ADAB-85069A799217}.Debug|x64.Build.0 = Debug|x64
		{94F89F98-7463-4095-ADAB-85069A799217}.Debug|x64.Deploy.0 = Debug|x64
		{94F89F98-7463-4095-ADAB-85069A799217}.Debug|x86.ActiveCfg = Debug|x64
		{94F89F98-7463-4095-ADAB-85069A799217}.Debug|x86.Build.0 = Debug|x64
		{94F89F98-7463-4095-ADAB-85069A799217}.Debug|x86.Deploy.0 = Debug|x64
		{94F89F98-7463-4095-ADAB-85069A799217}.Release_WinUI|Any CPU.ActiveCfg = Release|x64
		{94F89F98-7463-4095-ADAB-85069A799217}.Release_WinUI|Any CPU.Build.0 = Release|x64
		{94F89F98-7463-4095-ADAB-85069A799217}.Release_WinUI|Any CPU.Deploy.0 = Release|x64
		{94F89F98-7463-4095-ADAB-85069A799217}.Release_WinUI|ARM.ActiveCfg = Release|x64
		{94F89F98-7463-4095-ADAB-85069A799217}.Release_WinUI|ARM.Build.0 = Release|x64
		{94F89F98-7463-4095-ADAB-85069A799217}.Release_WinUI|ARM.Deploy.0 = Release|x64
		{94F89F98-7463-4095-ADAB-85069A799217}.Release_WinUI|ARM64.ActiveCfg = Release|arm64
		{94F89F98-7463-4095-ADAB-85069A799217}.Release_WinUI|ARM64.Build.0 = Release|arm64
		{94F89F98-7463-4095-ADAB-85069A799217}.Release_WinUI|ARM64.Deploy.0 = Release|arm64
		{94F89F98-7463-4095-ADAB-85069A799217}.Release_WinUI|x64.ActiveCfg = Release|x64
		{94F89F98-7463-4095-ADAB-85069A799217}.Release_WinUI|x64.Build.0 = Release|x64
		{94F89F98-7463-4095-ADAB-85069A799217}.Release_WinUI|x64.Deploy.0 = Release|x64
		{94F89F98-7463-4095-ADAB-85069A799217}.Release_WinUI|x86.ActiveCfg = Release|x64
		{94F89F98-7463-4095-ADAB-85069A799217}.Release_WinUI|x86.Build.0 = Release|x64
		{94F89F98-7463-4095-ADAB-85069A799217}.Release_WinUI|x86.Deploy.0 = Release|x64
		{94F89F98-7463-4095-ADAB-85069A799217}.Release|Any CPU.ActiveCfg = Release|x64
		{94F89F98-7463-4095-ADAB-85069A799217}.Release|Any CPU.Build.0 = Release|x64
		{94F89F98-7463-4095-ADAB-85069A799217}.Release|Any CPU.Deploy.0 = Release|x64
		{94F89F98-7463-4095-ADAB-85069A799217}.Release|ARM.ActiveCfg = Release|x64
		{94F89F98-7463-4095-ADAB-85069A799217}.Release|ARM.Build.0 = Release|x64
		{94F89F98-7463-4095-ADAB-85069A799217}.Release|ARM.Deploy.0 = Release|x64
		{94F89F98-7463-4095-ADAB-85069A799217}.Release|ARM64.ActiveCfg = Release|arm64
		{94F89F98-7463-4095-ADAB-85069A799217}.Release|ARM64.Build.0 = Release|arm64
		{94F89F98-7463-4095-ADAB-85069A799217}.Release|ARM64.Deploy.0 = Release|arm64
		{94F89F98-7463-4095-ADAB-85069A799217}.Release|x64.ActiveCfg = Release|x64
		{94F89F98-7463-4095-ADAB-85069A799217}.Release|x64.Build.0 = Release|x64
		{94F89F98-7463-4095-ADAB-85069A799217}.Release|x64.Deploy.0 = Release|x64
		{94F89F98-7463-4095-ADAB-85069A799217}.Release|x86.ActiveCfg = Release|x64
		{94F89F98-7463-4095-ADAB-85069A799217}.Release|x86.Build.0 = Release|x64
		{94F89F98-7463-4095-ADAB-85069A799217}.Release|x86.Deploy.0 = Release|x64
		{D0AA22F0-41E7-48D7-B0DE-0DD3F6188246}.Debug_WinUI|Any CPU.ActiveCfg = Debug|Any CPU
		{D0AA22F0-41E7-48D7-B0DE-0DD3F6188246}.Debug_WinUI|Any CPU.Build.0 = Debug|Any CPU
		{D0AA22F0-41E7-48D7-B0DE-0DD3F6188246}.Debug_WinUI|ARM.ActiveCfg = Debug|Any CPU
		{D0AA22F0-41E7-48D7-B0DE-0DD3F6188246}.Debug_WinUI|ARM.Build.0 = Debug|Any CPU
		{D0AA22F0-41E7-48D7-B0DE-0DD3F6188246}.Debug_WinUI|ARM64.ActiveCfg = Debug|Any CPU
		{D0AA22F0-41E7-48D7-B0DE-0DD3F6188246}.Debug_WinUI|ARM64.Build.0 = Debug|Any CPU
		{D0AA22F0-41E7-48D7-B0DE-0DD3F6188246}.Debug_WinUI|x64.ActiveCfg = Debug|Any CPU
		{D0AA22F0-41E7-48D7-B0DE-0DD3F6188246}.Debug_WinUI|x64.Build.0 = Debug|Any CPU
		{D0AA22F0-41E7-48D7-B0DE-0DD3F6188246}.Debug_WinUI|x86.ActiveCfg = Debug|Any CPU
		{D0AA22F0-41E7-48D7-B0DE-0DD3F6188246}.Debug_WinUI|x86.Build.0 = Debug|Any CPU
		{D0AA22F0-41E7-48D7-B0DE-0DD3F6188246}.Debug|Any CPU.ActiveCfg = Debug|Any CPU
		{D0AA22F0-41E7-48D7-B0DE-0DD3F6188246}.Debug|Any CPU.Build.0 = Debug|Any CPU
		{D0AA22F0-41E7-48D7-B0DE-0DD3F6188246}.Debug|ARM.ActiveCfg = Debug|Any CPU
		{D0AA22F0-41E7-48D7-B0DE-0DD3F6188246}.Debug|ARM.Build.0 = Debug|Any CPU
		{D0AA22F0-41E7-48D7-B0DE-0DD3F6188246}.Debug|ARM64.ActiveCfg = Debug|Any CPU
		{D0AA22F0-41E7-48D7-B0DE-0DD3F6188246}.Debug|ARM64.Build.0 = Debug|Any CPU
		{D0AA22F0-41E7-48D7-B0DE-0DD3F6188246}.Debug|x64.ActiveCfg = Debug|Any CPU
		{D0AA22F0-41E7-48D7-B0DE-0DD3F6188246}.Debug|x64.Build.0 = Debug|Any CPU
		{D0AA22F0-41E7-48D7-B0DE-0DD3F6188246}.Debug|x86.ActiveCfg = Debug|Any CPU
		{D0AA22F0-41E7-48D7-B0DE-0DD3F6188246}.Debug|x86.Build.0 = Debug|Any CPU
		{D0AA22F0-41E7-48D7-B0DE-0DD3F6188246}.Release_WinUI|Any CPU.ActiveCfg = Release|Any CPU
		{D0AA22F0-41E7-48D7-B0DE-0DD3F6188246}.Release_WinUI|Any CPU.Build.0 = Release|Any CPU
		{D0AA22F0-41E7-48D7-B0DE-0DD3F6188246}.Release_WinUI|ARM.ActiveCfg = Release|Any CPU
		{D0AA22F0-41E7-48D7-B0DE-0DD3F6188246}.Release_WinUI|ARM.Build.0 = Release|Any CPU
		{D0AA22F0-41E7-48D7-B0DE-0DD3F6188246}.Release_WinUI|ARM64.ActiveCfg = Release|Any CPU
		{D0AA22F0-41E7-48D7-B0DE-0DD3F6188246}.Release_WinUI|ARM64.Build.0 = Release|Any CPU
		{D0AA22F0-41E7-48D7-B0DE-0DD3F6188246}.Release_WinUI|x64.ActiveCfg = Release|Any CPU
		{D0AA22F0-41E7-48D7-B0DE-0DD3F6188246}.Release_WinUI|x64.Build.0 = Release|Any CPU
		{D0AA22F0-41E7-48D7-B0DE-0DD3F6188246}.Release_WinUI|x86.ActiveCfg = Release|Any CPU
		{D0AA22F0-41E7-48D7-B0DE-0DD3F6188246}.Release_WinUI|x86.Build.0 = Release|Any CPU
		{D0AA22F0-41E7-48D7-B0DE-0DD3F6188246}.Release|Any CPU.ActiveCfg = Release|Any CPU
		{D0AA22F0-41E7-48D7-B0DE-0DD3F6188246}.Release|Any CPU.Build.0 = Release|Any CPU
		{D0AA22F0-41E7-48D7-B0DE-0DD3F6188246}.Release|ARM.ActiveCfg = Release|Any CPU
		{D0AA22F0-41E7-48D7-B0DE-0DD3F6188246}.Release|ARM.Build.0 = Release|Any CPU
		{D0AA22F0-41E7-48D7-B0DE-0DD3F6188246}.Release|ARM64.ActiveCfg = Release|Any CPU
		{D0AA22F0-41E7-48D7-B0DE-0DD3F6188246}.Release|ARM64.Build.0 = Release|Any CPU
		{D0AA22F0-41E7-48D7-B0DE-0DD3F6188246}.Release|x64.ActiveCfg = Release|Any CPU
		{D0AA22F0-41E7-48D7-B0DE-0DD3F6188246}.Release|x64.Build.0 = Release|Any CPU
		{D0AA22F0-41E7-48D7-B0DE-0DD3F6188246}.Release|x86.ActiveCfg = Release|Any CPU
		{D0AA22F0-41E7-48D7-B0DE-0DD3F6188246}.Release|x86.Build.0 = Release|Any CPU
		{60FCEDF6-B674-4FD0-A9DE-92410AF89A7A}.Debug_WinUI|Any CPU.ActiveCfg = Debug|Any CPU
		{60FCEDF6-B674-4FD0-A9DE-92410AF89A7A}.Debug_WinUI|Any CPU.Build.0 = Debug|Any CPU
		{60FCEDF6-B674-4FD0-A9DE-92410AF89A7A}.Debug_WinUI|ARM.ActiveCfg = Debug|Any CPU
		{60FCEDF6-B674-4FD0-A9DE-92410AF89A7A}.Debug_WinUI|ARM.Build.0 = Debug|Any CPU
		{60FCEDF6-B674-4FD0-A9DE-92410AF89A7A}.Debug_WinUI|ARM64.ActiveCfg = Debug|Any CPU
		{60FCEDF6-B674-4FD0-A9DE-92410AF89A7A}.Debug_WinUI|ARM64.Build.0 = Debug|Any CPU
		{60FCEDF6-B674-4FD0-A9DE-92410AF89A7A}.Debug_WinUI|x64.ActiveCfg = Debug|Any CPU
		{60FCEDF6-B674-4FD0-A9DE-92410AF89A7A}.Debug_WinUI|x64.Build.0 = Debug|Any CPU
		{60FCEDF6-B674-4FD0-A9DE-92410AF89A7A}.Debug_WinUI|x86.ActiveCfg = Debug|Any CPU
		{60FCEDF6-B674-4FD0-A9DE-92410AF89A7A}.Debug_WinUI|x86.Build.0 = Debug|Any CPU
		{60FCEDF6-B674-4FD0-A9DE-92410AF89A7A}.Debug|Any CPU.ActiveCfg = Debug|Any CPU
		{60FCEDF6-B674-4FD0-A9DE-92410AF89A7A}.Debug|Any CPU.Build.0 = Debug|Any CPU
		{60FCEDF6-B674-4FD0-A9DE-92410AF89A7A}.Debug|ARM.ActiveCfg = Debug|Any CPU
		{60FCEDF6-B674-4FD0-A9DE-92410AF89A7A}.Debug|ARM.Build.0 = Debug|Any CPU
		{60FCEDF6-B674-4FD0-A9DE-92410AF89A7A}.Debug|ARM64.ActiveCfg = Debug|Any CPU
		{60FCEDF6-B674-4FD0-A9DE-92410AF89A7A}.Debug|ARM64.Build.0 = Debug|Any CPU
		{60FCEDF6-B674-4FD0-A9DE-92410AF89A7A}.Debug|x64.ActiveCfg = Debug|Any CPU
		{60FCEDF6-B674-4FD0-A9DE-92410AF89A7A}.Debug|x64.Build.0 = Debug|Any CPU
		{60FCEDF6-B674-4FD0-A9DE-92410AF89A7A}.Debug|x86.ActiveCfg = Debug|Any CPU
		{60FCEDF6-B674-4FD0-A9DE-92410AF89A7A}.Debug|x86.Build.0 = Debug|Any CPU
		{60FCEDF6-B674-4FD0-A9DE-92410AF89A7A}.Release_WinUI|Any CPU.ActiveCfg = Release|Any CPU
		{60FCEDF6-B674-4FD0-A9DE-92410AF89A7A}.Release_WinUI|Any CPU.Build.0 = Release|Any CPU
		{60FCEDF6-B674-4FD0-A9DE-92410AF89A7A}.Release_WinUI|ARM.ActiveCfg = Release|Any CPU
		{60FCEDF6-B674-4FD0-A9DE-92410AF89A7A}.Release_WinUI|ARM.Build.0 = Release|Any CPU
		{60FCEDF6-B674-4FD0-A9DE-92410AF89A7A}.Release_WinUI|ARM64.ActiveCfg = Release|Any CPU
		{60FCEDF6-B674-4FD0-A9DE-92410AF89A7A}.Release_WinUI|ARM64.Build.0 = Release|Any CPU
		{60FCEDF6-B674-4FD0-A9DE-92410AF89A7A}.Release_WinUI|x64.ActiveCfg = Release|Any CPU
		{60FCEDF6-B674-4FD0-A9DE-92410AF89A7A}.Release_WinUI|x64.Build.0 = Release|Any CPU
		{60FCEDF6-B674-4FD0-A9DE-92410AF89A7A}.Release_WinUI|x86.ActiveCfg = Release|Any CPU
		{60FCEDF6-B674-4FD0-A9DE-92410AF89A7A}.Release_WinUI|x86.Build.0 = Release|Any CPU
		{60FCEDF6-B674-4FD0-A9DE-92410AF89A7A}.Release|Any CPU.ActiveCfg = Release|Any CPU
		{60FCEDF6-B674-4FD0-A9DE-92410AF89A7A}.Release|Any CPU.Build.0 = Release|Any CPU
		{60FCEDF6-B674-4FD0-A9DE-92410AF89A7A}.Release|ARM.ActiveCfg = Release|Any CPU
		{60FCEDF6-B674-4FD0-A9DE-92410AF89A7A}.Release|ARM.Build.0 = Release|Any CPU
		{60FCEDF6-B674-4FD0-A9DE-92410AF89A7A}.Release|ARM64.ActiveCfg = Release|Any CPU
		{60FCEDF6-B674-4FD0-A9DE-92410AF89A7A}.Release|ARM64.Build.0 = Release|Any CPU
		{60FCEDF6-B674-4FD0-A9DE-92410AF89A7A}.Release|x64.ActiveCfg = Release|Any CPU
		{60FCEDF6-B674-4FD0-A9DE-92410AF89A7A}.Release|x64.Build.0 = Release|Any CPU
		{60FCEDF6-B674-4FD0-A9DE-92410AF89A7A}.Release|x86.ActiveCfg = Release|Any CPU
		{60FCEDF6-B674-4FD0-A9DE-92410AF89A7A}.Release|x86.Build.0 = Release|Any CPU
		{06D7BEFF-1EEF-4C68-A2CD-1C709C8B77A8}.Debug_WinUI|Any CPU.ActiveCfg = Debug|Any CPU
		{06D7BEFF-1EEF-4C68-A2CD-1C709C8B77A8}.Debug_WinUI|Any CPU.Build.0 = Debug|Any CPU
		{06D7BEFF-1EEF-4C68-A2CD-1C709C8B77A8}.Debug_WinUI|ARM.ActiveCfg = Debug|Any CPU
		{06D7BEFF-1EEF-4C68-A2CD-1C709C8B77A8}.Debug_WinUI|ARM.Build.0 = Debug|Any CPU
		{06D7BEFF-1EEF-4C68-A2CD-1C709C8B77A8}.Debug_WinUI|ARM64.ActiveCfg = Debug|Any CPU
		{06D7BEFF-1EEF-4C68-A2CD-1C709C8B77A8}.Debug_WinUI|ARM64.Build.0 = Debug|Any CPU
		{06D7BEFF-1EEF-4C68-A2CD-1C709C8B77A8}.Debug_WinUI|x64.ActiveCfg = Debug|Any CPU
		{06D7BEFF-1EEF-4C68-A2CD-1C709C8B77A8}.Debug_WinUI|x64.Build.0 = Debug|Any CPU
		{06D7BEFF-1EEF-4C68-A2CD-1C709C8B77A8}.Debug_WinUI|x86.ActiveCfg = Debug|Any CPU
		{06D7BEFF-1EEF-4C68-A2CD-1C709C8B77A8}.Debug_WinUI|x86.Build.0 = Debug|Any CPU
		{06D7BEFF-1EEF-4C68-A2CD-1C709C8B77A8}.Debug|Any CPU.ActiveCfg = Debug|Any CPU
		{06D7BEFF-1EEF-4C68-A2CD-1C709C8B77A8}.Debug|Any CPU.Build.0 = Debug|Any CPU
		{06D7BEFF-1EEF-4C68-A2CD-1C709C8B77A8}.Debug|ARM.ActiveCfg = Debug|Any CPU
		{06D7BEFF-1EEF-4C68-A2CD-1C709C8B77A8}.Debug|ARM.Build.0 = Debug|Any CPU
		{06D7BEFF-1EEF-4C68-A2CD-1C709C8B77A8}.Debug|ARM64.ActiveCfg = Debug|Any CPU
		{06D7BEFF-1EEF-4C68-A2CD-1C709C8B77A8}.Debug|ARM64.Build.0 = Debug|Any CPU
		{06D7BEFF-1EEF-4C68-A2CD-1C709C8B77A8}.Debug|x64.ActiveCfg = Debug|Any CPU
		{06D7BEFF-1EEF-4C68-A2CD-1C709C8B77A8}.Debug|x64.Build.0 = Debug|Any CPU
		{06D7BEFF-1EEF-4C68-A2CD-1C709C8B77A8}.Debug|x86.ActiveCfg = Debug|Any CPU
		{06D7BEFF-1EEF-4C68-A2CD-1C709C8B77A8}.Debug|x86.Build.0 = Debug|Any CPU
		{06D7BEFF-1EEF-4C68-A2CD-1C709C8B77A8}.Release_WinUI|Any CPU.ActiveCfg = Release|Any CPU
		{06D7BEFF-1EEF-4C68-A2CD-1C709C8B77A8}.Release_WinUI|Any CPU.Build.0 = Release|Any CPU
		{06D7BEFF-1EEF-4C68-A2CD-1C709C8B77A8}.Release_WinUI|ARM.ActiveCfg = Release|Any CPU
		{06D7BEFF-1EEF-4C68-A2CD-1C709C8B77A8}.Release_WinUI|ARM.Build.0 = Release|Any CPU
		{06D7BEFF-1EEF-4C68-A2CD-1C709C8B77A8}.Release_WinUI|ARM64.ActiveCfg = Release|Any CPU
		{06D7BEFF-1EEF-4C68-A2CD-1C709C8B77A8}.Release_WinUI|ARM64.Build.0 = Release|Any CPU
		{06D7BEFF-1EEF-4C68-A2CD-1C709C8B77A8}.Release_WinUI|x64.ActiveCfg = Release|Any CPU
		{06D7BEFF-1EEF-4C68-A2CD-1C709C8B77A8}.Release_WinUI|x64.Build.0 = Release|Any CPU
		{06D7BEFF-1EEF-4C68-A2CD-1C709C8B77A8}.Release_WinUI|x86.ActiveCfg = Release|Any CPU
		{06D7BEFF-1EEF-4C68-A2CD-1C709C8B77A8}.Release_WinUI|x86.Build.0 = Release|Any CPU
		{06D7BEFF-1EEF-4C68-A2CD-1C709C8B77A8}.Release|Any CPU.ActiveCfg = Release|Any CPU
		{06D7BEFF-1EEF-4C68-A2CD-1C709C8B77A8}.Release|Any CPU.Build.0 = Release|Any CPU
		{06D7BEFF-1EEF-4C68-A2CD-1C709C8B77A8}.Release|ARM.ActiveCfg = Release|Any CPU
		{06D7BEFF-1EEF-4C68-A2CD-1C709C8B77A8}.Release|ARM.Build.0 = Release|Any CPU
		{06D7BEFF-1EEF-4C68-A2CD-1C709C8B77A8}.Release|ARM64.ActiveCfg = Release|Any CPU
		{06D7BEFF-1EEF-4C68-A2CD-1C709C8B77A8}.Release|ARM64.Build.0 = Release|Any CPU
		{06D7BEFF-1EEF-4C68-A2CD-1C709C8B77A8}.Release|x64.ActiveCfg = Release|Any CPU
		{06D7BEFF-1EEF-4C68-A2CD-1C709C8B77A8}.Release|x64.Build.0 = Release|Any CPU
		{06D7BEFF-1EEF-4C68-A2CD-1C709C8B77A8}.Release|x86.ActiveCfg = Release|Any CPU
		{06D7BEFF-1EEF-4C68-A2CD-1C709C8B77A8}.Release|x86.Build.0 = Release|Any CPU
		{59D13797-4E49-4EA3-AEA3-4F0ACE8A75F9}.Debug_WinUI|Any CPU.ActiveCfg = Debug|Any CPU
		{59D13797-4E49-4EA3-AEA3-4F0ACE8A75F9}.Debug_WinUI|Any CPU.Build.0 = Debug|Any CPU
		{59D13797-4E49-4EA3-AEA3-4F0ACE8A75F9}.Debug_WinUI|ARM.ActiveCfg = Debug|Any CPU
		{59D13797-4E49-4EA3-AEA3-4F0ACE8A75F9}.Debug_WinUI|ARM.Build.0 = Debug|Any CPU
		{59D13797-4E49-4EA3-AEA3-4F0ACE8A75F9}.Debug_WinUI|ARM64.ActiveCfg = Debug|Any CPU
		{59D13797-4E49-4EA3-AEA3-4F0ACE8A75F9}.Debug_WinUI|ARM64.Build.0 = Debug|Any CPU
		{59D13797-4E49-4EA3-AEA3-4F0ACE8A75F9}.Debug_WinUI|x64.ActiveCfg = Debug|Any CPU
		{59D13797-4E49-4EA3-AEA3-4F0ACE8A75F9}.Debug_WinUI|x64.Build.0 = Debug|Any CPU
		{59D13797-4E49-4EA3-AEA3-4F0ACE8A75F9}.Debug_WinUI|x86.ActiveCfg = Debug|Any CPU
		{59D13797-4E49-4EA3-AEA3-4F0ACE8A75F9}.Debug_WinUI|x86.Build.0 = Debug|Any CPU
		{59D13797-4E49-4EA3-AEA3-4F0ACE8A75F9}.Debug|Any CPU.ActiveCfg = Debug|Any CPU
		{59D13797-4E49-4EA3-AEA3-4F0ACE8A75F9}.Debug|Any CPU.Build.0 = Debug|Any CPU
		{59D13797-4E49-4EA3-AEA3-4F0ACE8A75F9}.Debug|ARM.ActiveCfg = Debug|Any CPU
		{59D13797-4E49-4EA3-AEA3-4F0ACE8A75F9}.Debug|ARM.Build.0 = Debug|Any CPU
		{59D13797-4E49-4EA3-AEA3-4F0ACE8A75F9}.Debug|ARM64.ActiveCfg = Debug|Any CPU
		{59D13797-4E49-4EA3-AEA3-4F0ACE8A75F9}.Debug|ARM64.Build.0 = Debug|Any CPU
		{59D13797-4E49-4EA3-AEA3-4F0ACE8A75F9}.Debug|x64.ActiveCfg = Debug|Any CPU
		{59D13797-4E49-4EA3-AEA3-4F0ACE8A75F9}.Debug|x64.Build.0 = Debug|Any CPU
		{59D13797-4E49-4EA3-AEA3-4F0ACE8A75F9}.Debug|x86.ActiveCfg = Debug|Any CPU
		{59D13797-4E49-4EA3-AEA3-4F0ACE8A75F9}.Debug|x86.Build.0 = Debug|Any CPU
		{59D13797-4E49-4EA3-AEA3-4F0ACE8A75F9}.Release_WinUI|Any CPU.ActiveCfg = Release|Any CPU
		{59D13797-4E49-4EA3-AEA3-4F0ACE8A75F9}.Release_WinUI|Any CPU.Build.0 = Release|Any CPU
		{59D13797-4E49-4EA3-AEA3-4F0ACE8A75F9}.Release_WinUI|ARM.ActiveCfg = Release|Any CPU
		{59D13797-4E49-4EA3-AEA3-4F0ACE8A75F9}.Release_WinUI|ARM.Build.0 = Release|Any CPU
		{59D13797-4E49-4EA3-AEA3-4F0ACE8A75F9}.Release_WinUI|ARM64.ActiveCfg = Release|Any CPU
		{59D13797-4E49-4EA3-AEA3-4F0ACE8A75F9}.Release_WinUI|ARM64.Build.0 = Release|Any CPU
		{59D13797-4E49-4EA3-AEA3-4F0ACE8A75F9}.Release_WinUI|x64.ActiveCfg = Release|Any CPU
		{59D13797-4E49-4EA3-AEA3-4F0ACE8A75F9}.Release_WinUI|x64.Build.0 = Release|Any CPU
		{59D13797-4E49-4EA3-AEA3-4F0ACE8A75F9}.Release_WinUI|x86.ActiveCfg = Release|Any CPU
		{59D13797-4E49-4EA3-AEA3-4F0ACE8A75F9}.Release_WinUI|x86.Build.0 = Release|Any CPU
		{59D13797-4E49-4EA3-AEA3-4F0ACE8A75F9}.Release|Any CPU.ActiveCfg = Release|Any CPU
		{59D13797-4E49-4EA3-AEA3-4F0ACE8A75F9}.Release|Any CPU.Build.0 = Release|Any CPU
		{59D13797-4E49-4EA3-AEA3-4F0ACE8A75F9}.Release|ARM.ActiveCfg = Release|Any CPU
		{59D13797-4E49-4EA3-AEA3-4F0ACE8A75F9}.Release|ARM.Build.0 = Release|Any CPU
		{59D13797-4E49-4EA3-AEA3-4F0ACE8A75F9}.Release|ARM64.ActiveCfg = Release|Any CPU
		{59D13797-4E49-4EA3-AEA3-4F0ACE8A75F9}.Release|ARM64.Build.0 = Release|Any CPU
		{59D13797-4E49-4EA3-AEA3-4F0ACE8A75F9}.Release|x64.ActiveCfg = Release|Any CPU
		{59D13797-4E49-4EA3-AEA3-4F0ACE8A75F9}.Release|x64.Build.0 = Release|Any CPU
		{59D13797-4E49-4EA3-AEA3-4F0ACE8A75F9}.Release|x86.ActiveCfg = Release|Any CPU
		{59D13797-4E49-4EA3-AEA3-4F0ACE8A75F9}.Release|x86.Build.0 = Release|Any CPU
		{9A0DB0F8-F39F-4745-9403-6B7FF158988E}.Debug_WinUI|Any CPU.ActiveCfg = Debug|x64
		{9A0DB0F8-F39F-4745-9403-6B7FF158988E}.Debug_WinUI|Any CPU.Build.0 = Debug|x64
		{9A0DB0F8-F39F-4745-9403-6B7FF158988E}.Debug_WinUI|ARM.ActiveCfg = Debug|ARM
		{9A0DB0F8-F39F-4745-9403-6B7FF158988E}.Debug_WinUI|ARM.Build.0 = Debug|ARM
		{9A0DB0F8-F39F-4745-9403-6B7FF158988E}.Debug_WinUI|ARM64.ActiveCfg = Debug|ARM64
		{9A0DB0F8-F39F-4745-9403-6B7FF158988E}.Debug_WinUI|ARM64.Build.0 = Debug|ARM64
		{9A0DB0F8-F39F-4745-9403-6B7FF158988E}.Debug_WinUI|x64.ActiveCfg = Debug|x64
		{9A0DB0F8-F39F-4745-9403-6B7FF158988E}.Debug_WinUI|x64.Build.0 = Debug|x64
		{9A0DB0F8-F39F-4745-9403-6B7FF158988E}.Debug_WinUI|x86.ActiveCfg = Debug|Win32
		{9A0DB0F8-F39F-4745-9403-6B7FF158988E}.Debug_WinUI|x86.Build.0 = Debug|Win32
		{9A0DB0F8-F39F-4745-9403-6B7FF158988E}.Debug|Any CPU.ActiveCfg = Debug|x64
		{9A0DB0F8-F39F-4745-9403-6B7FF158988E}.Debug|Any CPU.Build.0 = Debug|x64
		{9A0DB0F8-F39F-4745-9403-6B7FF158988E}.Debug|ARM.ActiveCfg = Debug|ARM
		{9A0DB0F8-F39F-4745-9403-6B7FF158988E}.Debug|ARM.Build.0 = Debug|ARM
		{9A0DB0F8-F39F-4745-9403-6B7FF158988E}.Debug|ARM64.ActiveCfg = Debug|ARM64
		{9A0DB0F8-F39F-4745-9403-6B7FF158988E}.Debug|ARM64.Build.0 = Debug|ARM64
		{9A0DB0F8-F39F-4745-9403-6B7FF158988E}.Debug|x64.ActiveCfg = Debug|x64
		{9A0DB0F8-F39F-4745-9403-6B7FF158988E}.Debug|x64.Build.0 = Debug|x64
		{9A0DB0F8-F39F-4745-9403-6B7FF158988E}.Debug|x86.ActiveCfg = Debug|Win32
		{9A0DB0F8-F39F-4745-9403-6B7FF158988E}.Debug|x86.Build.0 = Debug|Win32
		{9A0DB0F8-F39F-4745-9403-6B7FF158988E}.Release_WinUI|Any CPU.ActiveCfg = Release|x64
		{9A0DB0F8-F39F-4745-9403-6B7FF158988E}.Release_WinUI|Any CPU.Build.0 = Release|x64
		{9A0DB0F8-F39F-4745-9403-6B7FF158988E}.Release_WinUI|ARM.ActiveCfg = Release|ARM
		{9A0DB0F8-F39F-4745-9403-6B7FF158988E}.Release_WinUI|ARM.Build.0 = Release|ARM
		{9A0DB0F8-F39F-4745-9403-6B7FF158988E}.Release_WinUI|ARM64.ActiveCfg = Release|ARM64
		{9A0DB0F8-F39F-4745-9403-6B7FF158988E}.Release_WinUI|ARM64.Build.0 = Release|ARM64
		{9A0DB0F8-F39F-4745-9403-6B7FF158988E}.Release_WinUI|x64.ActiveCfg = Release|x64
		{9A0DB0F8-F39F-4745-9403-6B7FF158988E}.Release_WinUI|x64.Build.0 = Release|x64
		{9A0DB0F8-F39F-4745-9403-6B7FF158988E}.Release_WinUI|x86.ActiveCfg = Release|Win32
		{9A0DB0F8-F39F-4745-9403-6B7FF158988E}.Release_WinUI|x86.Build.0 = Release|Win32
		{9A0DB0F8-F39F-4745-9403-6B7FF158988E}.Release|Any CPU.ActiveCfg = Release|x64
		{9A0DB0F8-F39F-4745-9403-6B7FF158988E}.Release|Any CPU.Build.0 = Release|x64
		{9A0DB0F8-F39F-4745-9403-6B7FF158988E}.Release|ARM.ActiveCfg = Release|ARM
		{9A0DB0F8-F39F-4745-9403-6B7FF158988E}.Release|ARM.Build.0 = Release|ARM
		{9A0DB0F8-F39F-4745-9403-6B7FF158988E}.Release|ARM64.ActiveCfg = Release|ARM64
		{9A0DB0F8-F39F-4745-9403-6B7FF158988E}.Release|ARM64.Build.0 = Release|ARM64
		{9A0DB0F8-F39F-4745-9403-6B7FF158988E}.Release|x64.ActiveCfg = Release|x64
		{9A0DB0F8-F39F-4745-9403-6B7FF158988E}.Release|x64.Build.0 = Release|x64
		{9A0DB0F8-F39F-4745-9403-6B7FF158988E}.Release|x86.ActiveCfg = Release|Win32
		{9A0DB0F8-F39F-4745-9403-6B7FF158988E}.Release|x86.Build.0 = Release|Win32
	EndGlobalSection
	GlobalSection(SolutionProperties) = preSolution
		HideSolutionNode = FALSE
	EndGlobalSection
	GlobalSection(NestedProjects) = preSolution
		{D0AA22F0-41E7-48D7-B0DE-0DD3F6188246} = {4CF74C62-88C2-4563-B626-E1EE2ABFCADF}
		{60FCEDF6-B674-4FD0-A9DE-92410AF89A7A} = {4CF74C62-88C2-4563-B626-E1EE2ABFCADF}
		{06D7BEFF-1EEF-4C68-A2CD-1C709C8B77A8} = {4CF74C62-88C2-4563-B626-E1EE2ABFCADF}
		{59D13797-4E49-4EA3-AEA3-4F0ACE8A75F9} = {4CF74C62-88C2-4563-B626-E1EE2ABFCADF}
	EndGlobalSection
	GlobalSection(ExtensibilityGlobals) = postSolution
		SolutionGuid = {DBCA7975-0D16-4804-A57D-74E6FA33EBE7}
	EndGlobalSection
EndGlobal
